// !$*UTF8*$!
{
	archiveVersion = 1;
	classes = {
	};
	objectVersion = 77;
	objects = {

/* Begin PBXContainerItemProxy section */
		F87C763C2D084B3E00EA71E1 /* PBXContainerItemProxy */ = {
			isa = PBXContainerItemProxy;
			containerPortal = F87C761D2D084B3B00EA71E1 /* Project object */;
			proxyType = 1;
			remoteGlobalIDString = F87C76242D084B3B00EA71E1;
			remoteInfo = UnsplashPhotoLibrary;
		};
		F87C76462D084B3E00EA71E1 /* PBXContainerItemProxy */ = {
			isa = PBXContainerItemProxy;
			containerPortal = F87C761D2D084B3B00EA71E1 /* Project object */;
			proxyType = 1;
			remoteGlobalIDString = F87C76242D084B3B00EA71E1;
			remoteInfo = UnsplashPhotoLibrary;
		};
/* End PBXContainerItemProxy section */

/* Begin PBXFileReference section */
		F87C76252D084B3B00EA71E1 /* UnsplashPhotoLibrary.app */ = {isa = PBXFileReference; explicitFileType = wrapper.application; includeInIndex = 0; path = UnsplashPhotoLibrary.app; sourceTree = BUILT_PRODUCTS_DIR; };
		F87C763B2D084B3E00EA71E1 /* UnsplashPhotoLibraryTests.xctest */ = {isa = PBXFileReference; explicitFileType = wrapper.cfbundle; includeInIndex = 0; path = UnsplashPhotoLibraryTests.xctest; sourceTree = BUILT_PRODUCTS_DIR; };
		F87C76452D084B3E00EA71E1 /* UnsplashPhotoLibraryUITests.xctest */ = {isa = PBXFileReference; explicitFileType = wrapper.cfbundle; includeInIndex = 0; path = UnsplashPhotoLibraryUITests.xctest; sourceTree = BUILT_PRODUCTS_DIR; };
/* End PBXFileReference section */

/* Begin PBXFileSystemSynchronizedBuildFileExceptionSet section */
		F87C764D2D084B3E00EA71E1 /* Exceptions for "UnsplashPhotoLibrary" folder in "UnsplashPhotoLibrary" target */ = {
			isa = PBXFileSystemSynchronizedBuildFileExceptionSet;
			membershipExceptions = (
				Info.plist,
			);
			target = F87C76242D084B3B00EA71E1 /* UnsplashPhotoLibrary */;
		};
/* End PBXFileSystemSynchronizedBuildFileExceptionSet section */

/* Begin PBXFileSystemSynchronizedRootGroup section */
		F87C76272D084B3B00EA71E1 /* UnsplashPhotoLibrary */ = {
			isa = PBXFileSystemSynchronizedRootGroup;
			exceptions = (
				F87C764D2D084B3E00EA71E1 /* Exceptions for "UnsplashPhotoLibrary" folder in "UnsplashPhotoLibrary" target */,
			);
			path = UnsplashPhotoLibrary;
			sourceTree = "<group>";
		};
		F87C763E2D084B3E00EA71E1 /* UnsplashPhotoLibraryTests */ = {
			isa = PBXFileSystemSynchronizedRootGroup;
			path = UnsplashPhotoLibraryTests;
			sourceTree = "<group>";
		};
		F87C76482D084B3E00EA71E1 /* UnsplashPhotoLibraryUITests */ = {
			isa = PBXFileSystemSynchronizedRootGroup;
			path = UnsplashPhotoLibraryUITests;
			sourceTree = "<group>";
		};
/* End PBXFileSystemSynchronizedRootGroup section */

/* Begin PBXFrameworksBuildPhase section */
		F87C76222D084B3B00EA71E1 /* Frameworks */ = {
			isa = PBXFrameworksBuildPhase;
			buildActionMask = 2147483647;
			files = (
			);
			runOnlyForDeploymentPostprocessing = 0;
		};
		F87C76382D084B3E00EA71E1 /* Frameworks */ = {
			isa = PBXFrameworksBuildPhase;
			buildActionMask = 2147483647;
			files = (
			);
			runOnlyForDeploymentPostprocessing = 0;
		};
		F87C76422D084B3E00EA71E1 /* Frameworks */ = {
			isa = PBXFrameworksBuildPhase;
			buildActionMask = 2147483647;
			files = (
			);
			runOnlyForDeploymentPostprocessing = 0;
		};
/* End PBXFrameworksBuildPhase section */

/* Begin PBXGroup section */
		F87C761C2D084B3B00EA71E1 = {
			isa = PBXGroup;
			children = (
				F87C76272D084B3B00EA71E1 /* UnsplashPhotoLibrary */,
				F87C763E2D084B3E00EA71E1 /* UnsplashPhotoLibraryTests */,
				F87C76482D084B3E00EA71E1 /* UnsplashPhotoLibraryUITests */,
				F87C76262D084B3B00EA71E1 /* Products */,
			);
			sourceTree = "<group>";
		};
		F87C76262D084B3B00EA71E1 /* Products */ = {
			isa = PBXGroup;
			children = (
				F87C76252D084B3B00EA71E1 /* UnsplashPhotoLibrary.app */,
				F87C763B2D084B3E00EA71E1 /* UnsplashPhotoLibraryTests.xctest */,
				F87C76452D084B3E00EA71E1 /* UnsplashPhotoLibraryUITests.xctest */,
			);
			name = Products;
			sourceTree = "<group>";
		};
/* End PBXGroup section */

/* Begin PBXNativeTarget section */
		F87C76242D084B3B00EA71E1 /* UnsplashPhotoLibrary */ = {
			isa = PBXNativeTarget;
			buildConfigurationList = F87C764E2D084B3E00EA71E1 /* Build configuration list for PBXNativeTarget "UnsplashPhotoLibrary" */;
			buildPhases = (
				F87C76212D084B3B00EA71E1 /* Sources */,
				F87C76222D084B3B00EA71E1 /* Frameworks */,
				F87C76232D084B3B00EA71E1 /* Resources */,
			);
			buildRules = (
			);
			dependencies = (
			);
			fileSystemSynchronizedGroups = (
				F87C76272D084B3B00EA71E1 /* UnsplashPhotoLibrary */,
			);
			name = UnsplashPhotoLibrary;
			packageProductDependencies = (
			);
			productName = UnsplashPhotoLibrary;
			productReference = F87C76252D084B3B00EA71E1 /* UnsplashPhotoLibrary.app */;
			productType = "com.apple.product-type.application";
		};
		F87C763A2D084B3E00EA71E1 /* UnsplashPhotoLibraryTests */ = {
			isa = PBXNativeTarget;
			buildConfigurationList = F87C76532D084B3E00EA71E1 /* Build configuration list for PBXNativeTarget "UnsplashPhotoLibraryTests" */;
			buildPhases = (
				F87C76372D084B3E00EA71E1 /* Sources */,
				F87C76382D084B3E00EA71E1 /* Frameworks */,
				F87C76392D084B3E00EA71E1 /* Resources */,
			);
			buildRules = (
			);
			dependencies = (
				F87C763D2D084B3E00EA71E1 /* PBXTargetDependency */,
			);
			fileSystemSynchronizedGroups = (
				F87C763E2D084B3E00EA71E1 /* UnsplashPhotoLibraryTests */,
			);
			name = UnsplashPhotoLibraryTests;
			packageProductDependencies = (
			);
			productName = UnsplashPhotoLibraryTests;
			productReference = F87C763B2D084B3E00EA71E1 /* UnsplashPhotoLibraryTests.xctest */;
			productType = "com.apple.product-type.bundle.unit-test";
		};
		F87C76442D084B3E00EA71E1 /* UnsplashPhotoLibraryUITests */ = {
			isa = PBXNativeTarget;
			buildConfigurationList = F87C76562D084B3E00EA71E1 /* Build configuration list for PBXNativeTarget "UnsplashPhotoLibraryUITests" */;
			buildPhases = (
				F87C76412D084B3E00EA71E1 /* Sources */,
				F87C76422D084B3E00EA71E1 /* Frameworks */,
				F87C76432D084B3E00EA71E1 /* Resources */,
			);
			buildRules = (
			);
			dependencies = (
				F87C76472D084B3E00EA71E1 /* PBXTargetDependency */,
			);
			fileSystemSynchronizedGroups = (
				F87C76482D084B3E00EA71E1 /* UnsplashPhotoLibraryUITests */,
			);
			name = UnsplashPhotoLibraryUITests;
			packageProductDependencies = (
			);
			productName = UnsplashPhotoLibraryUITests;
			productReference = F87C76452D084B3E00EA71E1 /* UnsplashPhotoLibraryUITests.xctest */;
			productType = "com.apple.product-type.bundle.ui-testing";
		};
/* End PBXNativeTarget section */

/* Begin PBXProject section */
		F87C761D2D084B3B00EA71E1 /* Project object */ = {
			isa = PBXProject;
			attributes = {
				BuildIndependentTargetsInParallel = 1;
				LastSwiftUpdateCheck = 1600;
				LastUpgradeCheck = 1600;
				TargetAttributes = {
					F87C76242D084B3B00EA71E1 = {
						CreatedOnToolsVersion = 16.0;
					};
					F87C763A2D084B3E00EA71E1 = {
						CreatedOnToolsVersion = 16.0;
						TestTargetID = F87C76242D084B3B00EA71E1;
					};
					F87C76442D084B3E00EA71E1 = {
						CreatedOnToolsVersion = 16.0;
						TestTargetID = F87C76242D084B3B00EA71E1;
					};
				};
			};
			buildConfigurationList = F87C76202D084B3B00EA71E1 /* Build configuration list for PBXProject "UnsplashPhotoLibrary" */;
			developmentRegion = en;
			hasScannedForEncodings = 0;
			knownRegions = (
				en,
				Base,
			);
			mainGroup = F87C761C2D084B3B00EA71E1;
			minimizedProjectReferenceProxies = 1;
			preferredProjectObjectVersion = 77;
			productRefGroup = F87C76262D084B3B00EA71E1 /* Products */;
			projectDirPath = "";
			projectRoot = "";
			targets = (
				F87C76242D084B3B00EA71E1 /* UnsplashPhotoLibrary */,
				F87C763A2D084B3E00EA71E1 /* UnsplashPhotoLibraryTests */,
				F87C76442D084B3E00EA71E1 /* UnsplashPhotoLibraryUITests */,
			);
		};
/* End PBXProject section */

/* Begin PBXResourcesBuildPhase section */
		F87C76232D084B3B00EA71E1 /* Resources */ = {
			isa = PBXResourcesBuildPhase;
			buildActionMask = 2147483647;
			files = (
			);
			runOnlyForDeploymentPostprocessing = 0;
		};
		F87C76392D084B3E00EA71E1 /* Resources */ = {
			isa = PBXResourcesBuildPhase;
			buildActionMask = 2147483647;
			files = (
			);
			runOnlyForDeploymentPostprocessing = 0;
		};
		F87C76432D084B3E00EA71E1 /* Resources */ = {
			isa = PBXResourcesBuildPhase;
			buildActionMask = 2147483647;
			files = (
			);
			runOnlyForDeploymentPostprocessing = 0;
		};
/* End PBXResourcesBuildPhase section */

/* Begin PBXSourcesBuildPhase section */
		F87C76212D084B3B00EA71E1 /* Sources */ = {
			isa = PBXSourcesBuildPhase;
			buildActionMask = 2147483647;
			files = (
			);
			runOnlyForDeploymentPostprocessing = 0;
		};
		F87C76372D084B3E00EA71E1 /* Sources */ = {
			isa = PBXSourcesBuildPhase;
			buildActionMask = 2147483647;
			files = (
			);
			runOnlyForDeploymentPostprocessing = 0;
		};
		F87C76412D084B3E00EA71E1 /* Sources */ = {
			isa = PBXSourcesBuildPhase;
			buildActionMask = 2147483647;
			files = (
			);
			runOnlyForDeploymentPostprocessing = 0;
		};
/* End PBXSourcesBuildPhase section */

/* Begin PBXTargetDependency section */
		F87C763D2D084B3E00EA71E1 /* PBXTargetDependency */ = {
			isa = PBXTargetDependency;
			target = F87C76242D084B3B00EA71E1 /* UnsplashPhotoLibrary */;
			targetProxy = F87C763C2D084B3E00EA71E1 /* PBXContainerItemProxy */;
		};
		F87C76472D084B3E00EA71E1 /* PBXTargetDependency */ = {
			isa = PBXTargetDependency;
			target = F87C76242D084B3B00EA71E1 /* UnsplashPhotoLibrary */;
			targetProxy = F87C76462D084B3E00EA71E1 /* PBXContainerItemProxy */;
		};
/* End PBXTargetDependency section */

/* Begin XCBuildConfiguration section */
		F87C764F2D084B3E00EA71E1 /* Debug */ = {
			isa = XCBuildConfiguration;
			buildSettings = {
				ASSETCATALOG_COMPILER_APPICON_NAME = AppIcon;
				ASSETCATALOG_COMPILER_GLOBAL_ACCENT_COLOR_NAME = AccentColor;
				CODE_SIGN_STYLE = Automatic;
				CURRENT_PROJECT_VERSION = 1;
				DEVELOPMENT_TEAM = 89W56TC22L;
				GENERATE_INFOPLIST_FILE = YES;
				INFOPLIST_FILE = UnsplashPhotoLibrary/Info.plist;
				INFOPLIST_KEY_UIApplicationSupportsIndirectInputEvents = YES;
				INFOPLIST_KEY_UILaunchStoryboardName = LaunchScreen;
				INFOPLIST_KEY_UIMainStoryboardFile = "";
				INFOPLIST_KEY_UISupportedInterfaceOrientations_iPad = "UIInterfaceOrientationPortrait UIInterfaceOrientationPortraitUpsideDown UIInterfaceOrientationLandscapeLeft UIInterfaceOrientationLandscapeRight";
				INFOPLIST_KEY_UISupportedInterfaceOrientations_iPhone = "UIInterfaceOrientationPortrait UIInterfaceOrientationLandscapeLeft UIInterfaceOrientationLandscapeRight";
				LD_RUNPATH_SEARCH_PATHS = (
					"$(inherited)",
					"@executable_path/Frameworks",
				);
				MARKETING_VERSION = 1.0;
				PRODUCT_BUNDLE_IDENTIFIER = com.vitaliLeikin.UnsplashPhotoLibrary;
				PRODUCT_NAME = "$(TARGET_NAME)";
				SWIFT_EMIT_LOC_STRINGS = YES;
				SWIFT_VERSION = 5.0;
				TARGETED_DEVICE_FAMILY = "1,2";
			};
			name = Debug;
		};
		F87C76502D084B3E00EA71E1 /* Release */ = {
			isa = XCBuildConfiguration;
			buildSettings = {
				ASSETCATALOG_COMPILER_APPICON_NAME = AppIcon;
				ASSETCATALOG_COMPILER_GLOBAL_ACCENT_COLOR_NAME = AccentColor;
				CODE_SIGN_STYLE = Automatic;
				CURRENT_PROJECT_VERSION = 1;
				DEVELOPMENT_TEAM = 89W56TC22L;
				GENERATE_INFOPLIST_FILE = YES;
				INFOPLIST_FILE = UnsplashPhotoLibrary/Info.plist;
				INFOPLIST_KEY_UIApplicationSupportsIndirectInputEvents = YES;
				INFOPLIST_KEY_UILaunchStoryboardName = LaunchScreen;
				INFOPLIST_KEY_UIMainStoryboardFile = "";
				INFOPLIST_KEY_UISupportedInterfaceOrientations_iPad = "UIInterfaceOrientationPortrait UIInterfaceOrientationPortraitUpsideDown UIInterfaceOrientationLandscapeLeft UIInterfaceOrientationLandscapeRight";
				INFOPLIST_KEY_UISupportedInterfaceOrientations_iPhone = "UIInterfaceOrientationPortrait UIInterfaceOrientationLandscapeLeft UIInterfaceOrientationLandscapeRight";
				LD_RUNPATH_SEARCH_PATHS = (
					"$(inherited)",
					"@executable_path/Frameworks",
				);
				MARKETING_VERSION = 1.0;
				PRODUCT_BUNDLE_IDENTIFIER = com.vitaliLeikin.UnsplashPhotoLibrary;
				PRODUCT_NAME = "$(TARGET_NAME)";
				SWIFT_EMIT_LOC_STRINGS = YES;
				SWIFT_VERSION = 5.0;
				TARGETED_DEVICE_FAMILY = "1,2";
			};
			name = Release;
		};
		F87C76512D084B3E00EA71E1 /* Debug */ = {
			isa = XCBuildConfiguration;
			buildSettings = {
				ALWAYS_SEARCH_USER_PATHS = NO;
				ASSETCATALOG_COMPILER_GENERATE_SWIFT_ASSET_SYMBOL_EXTENSIONS = YES;
				CLANG_ANALYZER_NONNULL = YES;
				CLANG_ANALYZER_NUMBER_OBJECT_CONVERSION = YES_AGGRESSIVE;
				CLANG_CXX_LANGUAGE_STANDARD = "gnu++20";
				CLANG_ENABLE_MODULES = YES;
				CLANG_ENABLE_OBJC_ARC = YES;
				CLANG_ENABLE_OBJC_WEAK = YES;
				CLANG_WARN_BLOCK_CAPTURE_AUTORELEASING = YES;
				CLANG_WARN_BOOL_CONVERSION = YES;
				CLANG_WARN_COMMA = YES;
				CLANG_WARN_CONSTANT_CONVERSION = YES;
				CLANG_WARN_DEPRECATED_OBJC_IMPLEMENTATIONS = YES;
				CLANG_WARN_DIRECT_OBJC_ISA_USAGE = YES_ERROR;
				CLANG_WARN_DOCUMENTATION_COMMENTS = YES;
				CLANG_WARN_EMPTY_BODY = YES;
				CLANG_WARN_ENUM_CONVERSION = YES;
				CLANG_WARN_INFINITE_RECURSION = YES;
				CLANG_WARN_INT_CONVERSION = YES;
				CLANG_WARN_NON_LITERAL_NULL_CONVERSION = YES;
				CLANG_WARN_OBJC_IMPLICIT_RETAIN_SELF = YES;
				CLANG_WARN_OBJC_LITERAL_CONVERSION = YES;
				CLANG_WARN_OBJC_ROOT_CLASS = YES_ERROR;
				CLANG_WARN_QUOTED_INCLUDE_IN_FRAMEWORK_HEADER = YES;
				CLANG_WARN_RANGE_LOOP_ANALYSIS = YES;
				CLANG_WARN_STRICT_PROTOTYPES = YES;
				CLANG_WARN_SUSPICIOUS_MOVE = YES;
				CLANG_WARN_UNGUARDED_AVAILABILITY = YES_AGGRESSIVE;
				CLANG_WARN_UNREACHABLE_CODE = YES;
				CLANG_WARN__DUPLICATE_METHOD_MATCH = YES;
				COPY_PHASE_STRIP = NO;
				DEBUG_INFORMATION_FORMAT = dwarf;
				ENABLE_STRICT_OBJC_MSGSEND = YES;
				ENABLE_TESTABILITY = YES;
				ENABLE_USER_SCRIPT_SANDBOXING = YES;
				GCC_C_LANGUAGE_STANDARD = gnu17;
				GCC_DYNAMIC_NO_PIC = NO;
				GCC_NO_COMMON_BLOCKS = YES;
				GCC_OPTIMIZATION_LEVEL = 0;
				GCC_PREPROCESSOR_DEFINITIONS = (
					"DEBUG=1",
					"$(inherited)",
				);
				GCC_WARN_64_TO_32_BIT_CONVERSION = YES;
				GCC_WARN_ABOUT_RETURN_TYPE = YES_ERROR;
				GCC_WARN_UNDECLARED_SELECTOR = YES;
				GCC_WARN_UNINITIALIZED_AUTOS = YES_AGGRESSIVE;
				GCC_WARN_UNUSED_FUNCTION = YES;
				GCC_WARN_UNUSED_VARIABLE = YES;
				IPHONEOS_DEPLOYMENT_TARGET = 18.0;
				LOCALIZATION_PREFERS_STRING_CATALOGS = YES;
				MTL_ENABLE_DEBUG_INFO = INCLUDE_SOURCE;
				MTL_FAST_MATH = YES;
				ONLY_ACTIVE_ARCH = YES;
				SDKROOT = iphoneos;
				SWIFT_ACTIVE_COMPILATION_CONDITIONS = "DEBUG $(inherited)";
				SWIFT_OPTIMIZATION_LEVEL = "-Onone";
			};
			name = Debug;
		};
		F87C76522D084B3E00EA71E1 /* Release */ = {
			isa = XCBuildConfiguration;
			buildSettings = {
				ALWAYS_SEARCH_USER_PATHS = NO;
				ASSETCATALOG_COMPILER_GENERATE_SWIFT_ASSET_SYMBOL_EXTENSIONS = YES;
				CLANG_ANALYZER_NONNULL = YES;
				CLANG_ANALYZER_NUMBER_OBJECT_CONVERSION = YES_AGGRESSIVE;
				CLANG_CXX_LANGUAGE_STANDARD = "gnu++20";
				CLANG_ENABLE_MODULES = YES;
				CLANG_ENABLE_OBJC_ARC = YES;
				CLANG_ENABLE_OBJC_WEAK = YES;
				CLANG_WARN_BLOCK_CAPTURE_AUTORELEASING = YES;
				CLANG_WARN_BOOL_CONVERSION = YES;
				CLANG_WARN_COMMA = YES;
				CLANG_WARN_CONSTANT_CONVERSION = YES;
				CLANG_WARN_DEPRECATED_OBJC_IMPLEMENTATIONS = YES;
				CLANG_WARN_DIRECT_OBJC_ISA_USAGE = YES_ERROR;
				CLANG_WARN_DOCUMENTATION_COMMENTS = YES;
				CLANG_WARN_EMPTY_BODY = YES;
				CLANG_WARN_ENUM_CONVERSION = YES;
				CLANG_WARN_INFINITE_RECURSION = YES;
				CLANG_WARN_INT_CONVERSION = YES;
				CLANG_WARN_NON_LITERAL_NULL_CONVERSION = YES;
				CLANG_WARN_OBJC_IMPLICIT_RETAIN_SELF = YES;
				CLANG_WARN_OBJC_LITERAL_CONVERSION = YES;
				CLANG_WARN_OBJC_ROOT_CLASS = YES_ERROR;
				CLANG_WARN_QUOTED_INCLUDE_IN_FRAMEWORK_HEADER = YES;
				CLANG_WARN_RANGE_LOOP_ANALYSIS = YES;
				CLANG_WARN_STRICT_PROTOTYPES = YES;
				CLANG_WARN_SUSPICIOUS_MOVE = YES;
				CLANG_WARN_UNGUARDED_AVAILABILITY = YES_AGGRESSIVE;
				CLANG_WARN_UNREACHABLE_CODE = YES;
				CLANG_WARN__DUPLICATE_METHOD_MATCH = YES;
				COPY_PHASE_STRIP = NO;
				DEBUG_INFORMATION_FORMAT = "dwarf-with-dsym";
				ENABLE_NS_ASSERTIONS = NO;
				ENABLE_STRICT_OBJC_MSGSEND = YES;
				ENABLE_USER_SCRIPT_SANDBOXING = YES;
				GCC_C_LANGUAGE_STANDARD = gnu17;
				GCC_NO_COMMON_BLOCKS = YES;
				GCC_WARN_64_TO_32_BIT_CONVERSION = YES;
				GCC_WARN_ABOUT_RETURN_TYPE = YES_ERROR;
				GCC_WARN_UNDECLARED_SELECTOR = YES;
				GCC_WARN_UNINITIALIZED_AUTOS = YES_AGGRESSIVE;
				GCC_WARN_UNUSED_FUNCTION = YES;
				GCC_WARN_UNUSED_VARIABLE = YES;
				IPHONEOS_DEPLOYMENT_TARGET = 18.0;
				LOCALIZATION_PREFERS_STRING_CATALOGS = YES;
				MTL_ENABLE_DEBUG_INFO = NO;
				MTL_FAST_MATH = YES;
				SDKROOT = iphoneos;
				SWIFT_COMPILATION_MODE = wholemodule;
				VALIDATE_PRODUCT = YES;
			};
			name = Release;
		};
		F87C76542D084B3E00EA71E1 /* Debug */ = {
			isa = XCBuildConfiguration;
			buildSettings = {
				BUNDLE_LOADER = "$(TEST_HOST)";
				CODE_SIGN_STYLE = Automatic;
				CURRENT_PROJECT_VERSION = 1;
				DEVELOPMENT_TEAM = 89W56TC22L;
				GENERATE_INFOPLIST_FILE = YES;
				IPHONEOS_DEPLOYMENT_TARGET = 18.0;
				MARKETING_VERSION = 1.0;
				PRODUCT_BUNDLE_IDENTIFIER = com.vitaliLeikin.UnsplashPhotoLibraryTests;
				PRODUCT_NAME = "$(TARGET_NAME)";
				SWIFT_EMIT_LOC_STRINGS = NO;
				SWIFT_VERSION = 5.0;
				TARGETED_DEVICE_FAMILY = "1,2";
				TEST_HOST = "$(BUILT_PRODUCTS_DIR)/UnsplashPhotoLibrary.app/$(BUNDLE_EXECUTABLE_FOLDER_PATH)/UnsplashPhotoLibrary";
			};
			name = Debug;
		};
		F87C76552D084B3E00EA71E1 /* Release */ = {
			isa = XCBuildConfiguration;
			buildSettings = {
				BUNDLE_LOADER = "$(TEST_HOST)";
				CODE_SIGN_STYLE = Automatic;
				CURRENT_PROJECT_VERSION = 1;
				DEVELOPMENT_TEAM = 89W56TC22L;
				GENERATE_INFOPLIST_FILE = YES;
				IPHONEOS_DEPLOYMENT_TARGET = 18.0;
				MARKETING_VERSION = 1.0;
				PRODUCT_BUNDLE_IDENTIFIER = com.vitaliLeikin.UnsplashPhotoLibraryTests;
				PRODUCT_NAME = "$(TARGET_NAME)";
				SWIFT_EMIT_LOC_STRINGS = NO;
				SWIFT_VERSION = 5.0;
				TARGETED_DEVICE_FAMILY = "1,2";
				TEST_HOST = "$(BUILT_PRODUCTS_DIR)/UnsplashPhotoLibrary.app/$(BUNDLE_EXECUTABLE_FOLDER_PATH)/UnsplashPhotoLibrary";
			};
			name = Release;
		};
		F87C76572D084B3E00EA71E1 /* Debug */ = {
			isa = XCBuildConfiguration;
			buildSettings = {
				CODE_SIGN_STYLE = Automatic;
				CURRENT_PROJECT_VERSION = 1;
				DEVELOPMENT_TEAM = 89W56TC22L;
				GENERATE_INFOPLIST_FILE = YES;
				MARKETING_VERSION = 1.0;
				PRODUCT_BUNDLE_IDENTIFIER = com.vitaliLeikin.UnsplashPhotoLibraryUITests;
				PRODUCT_NAME = "$(TARGET_NAME)";
				SWIFT_EMIT_LOC_STRINGS = NO;
				SWIFT_VERSION = 5.0;
				TARGETED_DEVICE_FAMILY = "1,2";
				TEST_TARGET_NAME = UnsplashPhotoLibrary;
			};
			name = Debug;
		};
		F87C76582D084B3E00EA71E1 /* Release */ = {
			isa = XCBuildConfiguration;
			buildSettings = {
				CODE_SIGN_STYLE = Automatic;
				CURRENT_PROJECT_VERSION = 1;
				DEVELOPMENT_TEAM = 89W56TC22L;
				GENERATE_INFOPLIST_FILE = YES;
				MARKETING_VERSION = 1.0;
				PRODUCT_BUNDLE_IDENTIFIER = com.vitaliLeikin.UnsplashPhotoLibraryUITests;
				PRODUCT_NAME = "$(TARGET_NAME)";
				SWIFT_EMIT_LOC_STRINGS = NO;
				SWIFT_VERSION = 5.0;
				TARGETED_DEVICE_FAMILY = "1,2";
				TEST_TARGET_NAME = UnsplashPhotoLibrary;
			};
			name = Release;
		};
/* End XCBuildConfiguration section */

/* Begin XCConfigurationList section */
		F87C76202D084B3B00EA71E1 /* Build configuration list for PBXProject "UnsplashPhotoLibrary" */ = {
			isa = XCConfigurationList;
			buildConfigurations = (
				F87C76512D084B3E00EA71E1 /* Debug */,
				F87C76522D084B3E00EA71E1 /* Release */,
			);
			defaultConfigurationIsVisible = 0;
			defaultConfigurationName = Release;
		};
		F87C764E2D084B3E00EA71E1 /* Build configuration list for PBXNativeTarget "UnsplashPhotoLibrary" */ = {
			isa = XCConfigurationList;
			buildConfigurations = (
				F87C764F2D084B3E00EA71E1 /* Debug */,
				F87C76502D084B3E00EA71E1 /* Release */,
			);
			defaultConfigurationIsVisible = 0;
			defaultConfigurationName = Release;
		};
		F87C76532D084B3E00EA71E1 /* Build configuration list for PBXNativeTarget "UnsplashPhotoLibraryTests" */ = {
			isa = XCConfigurationList;
			buildConfigurations = (
				F87C76542D084B3E00EA71E1 /* Debug */,
				F87C76552D084B3E00EA71E1 /* Release */,
			);
			defaultConfigurationIsVisible = 0;
			defaultConfigurationName = Release;
		};
		F87C76562D084B3E00EA71E1 /* Build configuration list for PBXNativeTarget "UnsplashPhotoLibraryUITests" */ = {
			isa = XCConfigurationList;
			buildConfigurations = (
				F87C76572D084B3E00EA71E1 /* Debug */,
				F87C76582D084B3E00EA71E1 /* Release */,
			);
			defaultConfigurationIsVisible = 0;
			defaultConfigurationName = Release;
		};
/* End XCConfigurationList section */
	};
	rootObject = F87C761D2D084B3B00EA71E1 /* Project object */;
}
